<?xml version="1.0" encoding="utf-8"?>
<Project ToolsVersion="4.0" xmlns="http://schemas.microsoft.com/developer/msbuild/2003">
  <ItemGroup>
    <Filter Include="소스 파일">
      <UniqueIdentifier>{4FC737F1-C7A5-4376-A066-2A32D752A2FF}</UniqueIdentifier>
      <Extensions>cpp;c;cc;cxx;c++;cppm;ixx;def;odl;idl;hpj;bat;asm;asmx</Extensions>
    </Filter>
    <Filter Include="헤더 파일">
      <UniqueIdentifier>{93995380-89BD-4b04-88EB-625FBE52EBFB}</UniqueIdentifier>
      <Extensions>h;hh;hpp;hxx;h++;hm;inl;inc;ipp;xsd</Extensions>
    </Filter>
    <Filter Include="리소스 파일">
      <UniqueIdentifier>{67DA6AB6-F800-4c08-8B7A-83BB121AAD01}</UniqueIdentifier>
      <Extensions>rc;ico;cur;bmp;dlg;rc2;rct;bin;rgs;gif;jpg;jpeg;jpe;resx;tiff;tif;png;wav;mfcribbon-ms</Extensions>
    </Filter>
    <Filter Include="imgui">
      <UniqueIdentifier>{0db50d39-06c1-4fd2-8490-cab82d2f954e}</UniqueIdentifier>
    </Filter>
    <Filter Include="Math">
      <UniqueIdentifier>{0048dc5a-4cf6-4910-8bc3-fa6a0eafa195}</UniqueIdentifier>
    </Filter>
    <Filter Include="Math\Vector">
      <UniqueIdentifier>{23d65ba9-8d9a-4dec-9712-57c25e14716a}</UniqueIdentifier>
    </Filter>
    <Filter Include="Utility">
      <UniqueIdentifier>{2a8e14f7-b4ef-45ec-905f-2a4dc39b2b1d}</UniqueIdentifier>
    </Filter>
    <Filter Include="Utility\Control">
      <UniqueIdentifier>{a571d662-af63-40bc-a8f6-45653cf37255}</UniqueIdentifier>
    </Filter>
    <Filter Include="Math\Transform">
      <UniqueIdentifier>{3d7240c2-9b40-4108-a647-4f479c3668e9}</UniqueIdentifier>
    </Filter>
    <Filter Include="Render">
      <UniqueIdentifier>{d51d27ff-8109-4fae-8c66-541e850fa5d5}</UniqueIdentifier>
    </Filter>
    <Filter Include="Render\Material">
      <UniqueIdentifier>{f647a0ce-2f1f-4d91-8949-37973d4aa2ab}</UniqueIdentifier>
    </Filter>
    <Filter Include="Render\Mesh">
      <UniqueIdentifier>{a1ebf0b5-19df-4712-bd5a-2829a57dfdc4}</UniqueIdentifier>
    </Filter>
    <Filter Include="Buffer">
      <UniqueIdentifier>{2a8e9bd3-bbfb-46bd-b9f5-00d5c436e518}</UniqueIdentifier>
    </Filter>
    <Filter Include="Buffer\Index">
      <UniqueIdentifier>{75e65d3f-0993-4776-a0ce-6e153d0f374f}</UniqueIdentifier>
    </Filter>
    <Filter Include="Buffer\Vertex">
      <UniqueIdentifier>{c2baeb9e-da16-47cd-90b6-db06f79f4de7}</UniqueIdentifier>
    </Filter>
    <Filter Include="Render\Texture">
      <UniqueIdentifier>{8c140e45-15a3-4209-8eae-d9d11e72a1fc}</UniqueIdentifier>
    </Filter>
    <Filter Include="Buffer\Global">
      <UniqueIdentifier>{9c602540-d5ea-4b37-a044-244f5d0e6269}</UniqueIdentifier>
    </Filter>
    <Filter Include="Buffer\Const">
      <UniqueIdentifier>{7f395a2c-f876-4da4-897e-1dd6c26a9e35}</UniqueIdentifier>
    </Filter>
    <Filter Include="Buffer\VertexLayout">
      <UniqueIdentifier>{4fc819cd-a16f-43a6-b931-cf92c81178a9}</UniqueIdentifier>
    </Filter>
    <Filter Include="Shader">
      <UniqueIdentifier>{b18a56cb-a86f-47cd-87dd-cad756b90428}</UniqueIdentifier>
    </Filter>
    <Filter Include="Shader\Vertex">
      <UniqueIdentifier>{6c9b7971-c826-4b79-a8f7-f172822036c3}</UniqueIdentifier>
    </Filter>
    <Filter Include="Shader\Pixel">
      <UniqueIdentifier>{f715c714-1f9f-44fb-957b-03129593609c}</UniqueIdentifier>
    </Filter>
    <Filter Include="Shader\Compute">
      <UniqueIdentifier>{0efb929e-9dba-48a4-ba82-66a763832ce9}</UniqueIdentifier>
    </Filter>
    <Filter Include="Shader\Domain">
      <UniqueIdentifier>{dde17107-eed4-4691-bcc7-ea004ab2c76c}</UniqueIdentifier>
    </Filter>
    <Filter Include="Shader\Hull">
      <UniqueIdentifier>{a95f73d1-1041-44bf-9f5a-7075e39bad26}</UniqueIdentifier>
    </Filter>
    <Filter Include="Shader\Geometry">
      <UniqueIdentifier>{2004d81c-e2ce-4720-97fd-a3b6f333e82e}</UniqueIdentifier>
    </Filter>
    <Filter Include="Device">
      <UniqueIdentifier>{7925dd15-ca7f-4b3e-93fa-70e009b5aeaf}</UniqueIdentifier>
    </Filter>
    <Filter Include="Environment">
      <UniqueIdentifier>{aaa6330b-fada-447a-9452-8bf8e17ebd63}</UniqueIdentifier>
    </Filter>
    <Filter Include="Environment\Camera">
      <UniqueIdentifier>{b34a074b-554d-447a-b29e-e50192f032df}</UniqueIdentifier>
    </Filter>
    <Filter Include="Environment\Environment">
      <UniqueIdentifier>{44392480-0470-4187-a901-ae0c71d7bbf1}</UniqueIdentifier>
    </Filter>
    <Filter Include="State">
      <UniqueIdentifier>{88dad2c5-3b5d-4a0f-82aa-dcc688240d65}</UniqueIdentifier>
    </Filter>
    <Filter Include="State\Sampler">
      <UniqueIdentifier>{50eecbd4-2c7f-4956-896f-3253bf0deb1c}</UniqueIdentifier>
    </Filter>
    <Filter Include="Collider">
      <UniqueIdentifier>{6d45cd8d-22e2-4224-9750-3458a2b8416f}</UniqueIdentifier>
    </Filter>
    <Filter Include="Collider\Box">
      <UniqueIdentifier>{29522f4e-9108-42d5-b4d0-e6060d151778}</UniqueIdentifier>
    </Filter>
    <Filter Include="Collider\Sphere">
      <UniqueIdentifier>{deaa86f8-2c04-491f-957d-85424ca06fa3}</UniqueIdentifier>
    </Filter>
    <Filter Include="Collider\Capsule">
      <UniqueIdentifier>{8eef639b-b39c-4e6e-9eaf-00d913b5873c}</UniqueIdentifier>
    </Filter>
    <Filter Include="Math\Math">
      <UniqueIdentifier>{c6b36d9e-75ae-4f79-91f6-bac56b0ba282}</UniqueIdentifier>
    </Filter>
    <Filter Include="Utility\Timer">
      <UniqueIdentifier>{99468d57-c4f9-480c-8b5e-419ff3c27781}</UniqueIdentifier>
    </Filter>
  </ItemGroup>
  <ItemGroup>
    <ClCompile Include="main.cpp">
      <Filter>소스 파일</Filter>
    </ClCompile>
    <ClCompile Include="header.cpp">
      <Filter>소스 파일</Filter>
    </ClCompile>
    <ClCompile Include="cSystem.cpp">
      <Filter>소스 파일</Filter>
    </ClCompile>
    <ClCompile Include="..\imgui\imgui.cpp">
      <Filter>imgui</Filter>
    </ClCompile>
    <ClCompile Include="..\imgui\imgui_demo.cpp">
      <Filter>imgui</Filter>
    </ClCompile>
    <ClCompile Include="..\imgui\imgui_draw.cpp">
      <Filter>imgui</Filter>
    </ClCompile>
    <ClCompile Include="..\imgui\imgui_tables.cpp">
      <Filter>imgui</Filter>
    </ClCompile>
    <ClCompile Include="..\imgui\imgui_widgets.cpp">
      <Filter>imgui</Filter>
    </ClCompile>
    <ClCompile Include="..\imgui\backends\imgui_impl_dx11.cpp">
      <Filter>imgui</Filter>
    </ClCompile>
    <ClCompile Include="..\imgui\backends\imgui_impl_win32.cpp">
      <Filter>imgui</Filter>
    </ClCompile>
    <ClCompile Include="cVector3.cpp">
      <Filter>Math\Vector</Filter>
    </ClCompile>
    <ClCompile Include="cControl.cpp">
      <Filter>Utility\Control</Filter>
    </ClCompile>
    <ClCompile Include="Transform.cpp">
      <Filter>Math\Transform</Filter>
    </ClCompile>
    <ClCompile Include="Mesh.cpp">
      <Filter>Render\Mesh</Filter>
    </ClCompile>
    <ClCompile Include="Material.cpp">
      <Filter>Render\Material</Filter>
    </ClCompile>
    <ClCompile Include="VertexBuffer.cpp">
      <Filter>Buffer\Vertex</Filter>
    </ClCompile>
    <ClCompile Include="IndexBuffer.cpp">
      <Filter>Buffer\Index</Filter>
    </ClCompile>
    <ClCompile Include="Texture.cpp">
      <Filter>Render\Texture</Filter>
    </ClCompile>
    <ClCompile Include="Utility.cpp">
      <Filter>Utility</Filter>
    </ClCompile>
    <ClCompile Include="ConstBuffer.cpp">
      <Filter>Buffer\Const</Filter>
    </ClCompile>
    <ClCompile Include="Shader.cpp">
      <Filter>Shader</Filter>
    </ClCompile>
    <ClCompile Include="VertexShader.cpp">
      <Filter>Shader\Vertex</Filter>
    </ClCompile>
    <ClCompile Include="PixelShader.cpp">
      <Filter>Shader\Pixel</Filter>
    </ClCompile>
    <ClCompile Include="ComputeShader.cpp">
      <Filter>Shader\Compute</Filter>
    </ClCompile>
    <ClCompile Include="DomainShader.cpp">
      <Filter>Shader\Domain</Filter>
    </ClCompile>
    <ClCompile Include="GeometryShader.cpp">
      <Filter>Shader\Geometry</Filter>
    </ClCompile>
    <ClCompile Include="HullShader.cpp">
      <Filter>Shader\Hull</Filter>
    </ClCompile>
    <ClCompile Include="Device.cpp">
      <Filter>Device</Filter>
    </ClCompile>
    <ClCompile Include="Camera.cpp">
      <Filter>Environment\Camera</Filter>
    </ClCompile>
    <ClCompile Include="Environment.cpp">
      <Filter>Environment\Environment</Filter>
    </ClCompile>
    <ClCompile Include="SamplerState.cpp">
      <Filter>State\Sampler</Filter>
    </ClCompile>
    <ClCompile Include="Collider.cpp">
      <Filter>Collider</Filter>
    </ClCompile>
    <ClCompile Include="BoxCollider.cpp">
      <Filter>Collider\Box</Filter>
    </ClCompile>
    <ClCompile Include="CapsuleCollider.cpp">
      <Filter>Collider\Capsule</Filter>
    </ClCompile>
    <ClCompile Include="SphereCollider.cpp">
      <Filter>Collider\Sphere</Filter>
    </ClCompile>
    <ClCompile Include="Math.cpp">
      <Filter>Math\Math</Filter>
    </ClCompile>
    <ClCompile Include="cTimer.cpp">
      <Filter>Utility\Timer</Filter>
    </ClCompile>
    <ClCompile Include="ImGuiManager.cpp">
      <Filter>imgui</Filter>
    </ClCompile>
  </ItemGroup>
  <ItemGroup>
    <ClInclude Include="header.h">
      <Filter>헤더 파일</Filter>
    </ClInclude>
    <ClInclude Include="cSystem.h">
      <Filter>헤더 파일</Filter>
    </ClInclude>
    <ClInclude Include="..\imgui\imconfig.h">
      <Filter>imgui</Filter>
    </ClInclude>
    <ClInclude Include="..\imgui\imgui.h">
      <Filter>imgui</Filter>
    </ClInclude>
    <ClInclude Include="..\imgui\imgui_internal.h">
      <Filter>imgui</Filter>
    </ClInclude>
    <ClInclude Include="..\imgui\backends\imgui_impl_dx11.h">
      <Filter>imgui</Filter>
    </ClInclude>
    <ClInclude Include="..\imgui\backends\imgui_impl_win32.h">
      <Filter>imgui</Filter>
    </ClInclude>
    <ClInclude Include="cVector3.h">
      <Filter>Math\Vector</Filter>
    </ClInclude>
    <ClInclude Include="cControl.h">
      <Filter>Utility\Control</Filter>
    </ClInclude>
    <ClInclude Include="Transform.h">
      <Filter>Math\Transform</Filter>
    </ClInclude>
    <ClInclude Include="Mesh.h">
      <Filter>Render\Mesh</Filter>
    </ClInclude>
    <ClInclude Include="Material.h">
      <Filter>Render\Material</Filter>
    </ClInclude>
    <ClInclude Include="VertexBuffer.h">
      <Filter>Buffer\Vertex</Filter>
    </ClInclude>
    <ClInclude Include="IndexBuffer.h">
      <Filter>Buffer\Index</Filter>
    </ClInclude>
    <ClInclude Include="Texture.h">
      <Filter>Render\Texture</Filter>
    </ClInclude>
    <ClInclude Include="Utility.h">
      <Filter>Utility</Filter>
    </ClInclude>
    <ClInclude Include="GlobalBuffers.h">
      <Filter>Buffer\Global</Filter>
    </ClInclude>
    <ClInclude Include="ConstBuffer.h">
      <Filter>Buffer\Const</Filter>
    </ClInclude>
    <ClInclude Include="VertexLayouts.h">
      <Filter>Buffer\VertexLayout</Filter>
    </ClInclude>
    <ClInclude Include="Shader.h">
      <Filter>Shader</Filter>
    </ClInclude>
    <ClInclude Include="VertexShader.h">
      <Filter>Shader\Vertex</Filter>
    </ClInclude>
    <ClInclude Include="PixelShader.h">
      <Filter>Shader\Pixel</Filter>
    </ClInclude>
    <ClInclude Include="ComputeShader.h">
      <Filter>Shader\Compute</Filter>
    </ClInclude>
    <ClInclude Include="DomainShader.h">
      <Filter>Shader\Domain</Filter>
    </ClInclude>
    <ClInclude Include="GeometryShader.h">
      <Filter>Shader\Geometry</Filter>
    </ClInclude>
    <ClInclude Include="HullShader.h">
      <Filter>Shader\Hull</Filter>
    </ClInclude>
    <ClInclude Include="Device.h">
      <Filter>Device</Filter>
    </ClInclude>
    <ClInclude Include="Camera.h">
      <Filter>Environment\Camera</Filter>
    </ClInclude>
    <ClInclude Include="Environment.h">
      <Filter>Environment\Environment</Filter>
    </ClInclude>
    <ClInclude Include="SamplerState.h">
      <Filter>State\Sampler</Filter>
    </ClInclude>
    <ClInclude Include="Collider.h">
      <Filter>Collider</Filter>
    </ClInclude>
    <ClInclude Include="BoxCollider.h">
      <Filter>Collider\Box</Filter>
    </ClInclude>
    <ClInclude Include="CapsuleCollider.h">
      <Filter>Collider\Capsule</Filter>
    </ClInclude>
    <ClInclude Include="SphereCollider.h">
      <Filter>Collider\Sphere</Filter>
    </ClInclude>
    <ClInclude Include="Math.h">
      <Filter>Math\Math</Filter>
    </ClInclude>
    <ClInclude Include="cTimer.h">
      <Filter>Utility\Timer</Filter>
    </ClInclude>
    <ClInclude Include="ImGuiManager.h">
      <Filter>imgui</Filter>
    </ClInclude>
  </ItemGroup>
  <ItemGroup>
    <None Include="..\imgui\misc\debuggers\imgui.natstepfilter">
      <Filter>imgui</Filter>
    </None>
  </ItemGroup>
  <ItemGroup>
    <Natvis Include="..\imgui\misc\debuggers\imgui.natvis">
      <Filter>imgui</Filter>
    </Natvis>
  </ItemGroup>
</Project>