<?xml version="1.0" encoding="utf-8"?>
<Project ToolsVersion="4.0" xmlns="http://schemas.microsoft.com/developer/msbuild/2003">
  <ItemGroup>
    <Filter Include="Resources">
      <UniqueIdentifier>{67DA6AB6-F800-4c08-8B7A-83BB121AAD01}</UniqueIdentifier>
      <Extensions>rc;ico;cur;bmp;dlg;rc2;rct;bin;rgs;gif;jpg;jpeg;jpe;resx;tiff;tif;png;wav;mfcribbon-ms</Extensions>
    </Filter>
    <Filter Include="Source">
      <UniqueIdentifier>{4FC737F1-C7A5-4376-A066-2A32D752A2FF}</UniqueIdentifier>
      <Extensions>cpp;c;cc;cxx;c++;cppm;ixx;def;odl;idl;hpj;bat;asm;asmx</Extensions>
    </Filter>
    <Filter Include="Header">
      <UniqueIdentifier>{93995380-89BD-4b04-88EB-625FBE52EBFB}</UniqueIdentifier>
      <Extensions>h;hh;hpp;hxx;h++;hm;inl;inc;ipp;xsd</Extensions>
    </Filter>
    <Filter Include="Utils">
      <UniqueIdentifier>{32e9354a-213c-4b16-9387-f07d04e2c782}</UniqueIdentifier>
    </Filter>
    <Filter Include="Utils\Log">
      <UniqueIdentifier>{5edfc617-1384-43c0-a985-115678524839}</UniqueIdentifier>
    </Filter>
    <Filter Include="Utils\Lib">
      <UniqueIdentifier>{f8eedf11-ea8d-4f01-828b-0971e94129ef}</UniqueIdentifier>
    </Filter>
    <Filter Include="Utils\CMake">
      <UniqueIdentifier>{4d462444-726a-46f3-b77a-d5d0a286f8e1}</UniqueIdentifier>
    </Filter>
    <Filter Include="Utils\EncDec">
      <UniqueIdentifier>{dc3af41d-5f17-4e28-a2d0-66bf44414b67}</UniqueIdentifier>
    </Filter>
    <Filter Include="Utils\Network">
      <UniqueIdentifier>{83cf03c6-b95a-4dab-86ce-ca56ca0eac6a}</UniqueIdentifier>
    </Filter>
    <Filter Include="Utils\json">
      <UniqueIdentifier>{60284d35-d036-42af-8fbe-548fe00d7f67}</UniqueIdentifier>
    </Filter>
    <Filter Include="Utils\KeyInput">
      <UniqueIdentifier>{f7d7e781-4916-4caf-8a93-977563f8d95d}</UniqueIdentifier>
    </Filter>
    <Filter Include="Utils\Model">
      <UniqueIdentifier>{8ac1e445-aca3-40ef-830c-dae420e5f56d}</UniqueIdentifier>
    </Filter>
    <Filter Include="Utils\String">
      <UniqueIdentifier>{076013e0-1f5b-4dce-af13-2c2d23c2c5a7}</UniqueIdentifier>
    </Filter>
  </ItemGroup>
  <ItemGroup>
    <ClInclude Include="framework.h">
      <Filter>Header</Filter>
    </ClInclude>
    <ClInclude Include="pch.h">
      <Filter>Header</Filter>
    </ClInclude>
    <ClInclude Include="Singleton.h">
      <Filter>Header</Filter>
    </ClInclude>
    <ClInclude Include="cLogger.h">
      <Filter>Utils\Log</Filter>
    </ClInclude>
    <ClInclude Include="cLibController.h">
      <Filter>Utils\Lib</Filter>
    </ClInclude>
    <ClInclude Include="cCmakeManager.h">
      <Filter>Utils\CMake</Filter>
    </ClInclude>
    <ClInclude Include="Network.h">
      <Filter>Utils\Network</Filter>
    </ClInclude>
    <ClInclude Include="Common.h">
      <Filter>Utils\Network</Filter>
    </ClInclude>
    <ClInclude Include="cEncryptManager.h">
      <Filter>Utils\EncDec</Filter>
    </ClInclude>
    <ClInclude Include="cJsonController.h">
      <Filter>Utils\json</Filter>
    </ClInclude>
    <ClInclude Include="cControl.h">
      <Filter>Utils\KeyInput</Filter>
    </ClInclude>
    <ClInclude Include="Types.h">
      <Filter>Utils</Filter>
    </ClInclude>
    <ClInclude Include="CoreImporter.h">
      <Filter>Header</Filter>
    </ClInclude>
    <ClInclude Include="cModel.h">
      <Filter>Utils\Model</Filter>
    </ClInclude>
    <ClInclude Include="cModelManager.h">
      <Filter>Utils\Model</Filter>
    </ClInclude>
    <ClInclude Include="StrUtils.h">
      <Filter>Utils\String</Filter>
    </ClInclude>
  </ItemGroup>
  <ItemGroup>
    <ClCompile Include="dllmain.cpp">
      <Filter>Source</Filter>
    </ClCompile>
    <ClCompile Include="pch.cpp">
      <Filter>Source</Filter>
    </ClCompile>
    <ClCompile Include="cLogger.cpp">
      <Filter>Utils\Log</Filter>
    </ClCompile>
    <ClCompile Include="cLibController.cpp">
      <Filter>Utils\Lib</Filter>
    </ClCompile>
    <ClCompile Include="cCmakeManager.cpp">
      <Filter>Utils\CMake</Filter>
    </ClCompile>
    <ClCompile Include="cEncryptManager.cpp">
      <Filter>Utils\EncDec</Filter>
    </ClCompile>
    <ClCompile Include="cJsonController.cpp">
      <Filter>Utils\json</Filter>
    </ClCompile>
    <ClCompile Include="cControl.cpp">
      <Filter>Utils\KeyInput</Filter>
    </ClCompile>
    <ClCompile Include="cModel.cpp">
      <Filter>Utils\Model</Filter>
    </ClCompile>
    <ClCompile Include="cModelManager.cpp">
      <Filter>Utils\Model</Filter>
    </ClCompile>
  </ItemGroup>
</Project>