<?xml version="1.0" encoding="utf-8"?>
<Project ToolsVersion="4.0" xmlns="http://schemas.microsoft.com/developer/msbuild/2003">
  <ItemGroup>
    <ClInclude Include="cuda_header.h">
      <Filter>MAIN</Filter>
    </ClInclude>
    <ClInclude Include="cuda_main.h">
      <Filter>MAIN</Filter>
    </ClInclude>
    <ClInclude Include="..\..\Core\Singleton.h">
      <Filter>MAIN</Filter>
    </ClInclude>
    <ClInclude Include="SoundTracingPlugin.h">
      <Filter>CUDA\PHYSICS\SOUNDTRACING</Filter>
    </ClInclude>
    <ClInclude Include="cuda_math.cuh">
      <Filter>CUDA\MATH</Filter>
    </ClInclude>
    <ClInclude Include="CudaGDevice.h">
      <Filter>CUDA\DEVICE</Filter>
    </ClInclude>
    <ClInclude Include="RayTracing.cuh">
      <Filter>CUDA\MATH\RAYTRACING</Filter>
    </ClInclude>
    <ClInclude Include="CudaUtils.h">
      <Filter>CUDA\RESOURCES</Filter>
    </ClInclude>
    <ClInclude Include="CudaImporter.h">
      <Filter>MAIN</Filter>
    </ClInclude>
  </ItemGroup>
  <ItemGroup>
    <Filter Include="CUDA">
      <UniqueIdentifier>{da5045eb-7d5b-4f43-8128-64df7be5e850}</UniqueIdentifier>
    </Filter>
    <Filter Include="CUDA\PHYSICS">
      <UniqueIdentifier>{aca1ecf4-01ea-4ac8-aa8a-c8ed685f75b5}</UniqueIdentifier>
    </Filter>
    <Filter Include="CUDA\PHYSICS\SOUNDTRACING">
      <UniqueIdentifier>{50c64302-fb96-4065-ac99-b49cb10de9f5}</UniqueIdentifier>
    </Filter>
    <Filter Include="MAIN">
      <UniqueIdentifier>{fea2cf5c-8a7f-42e5-be06-41eef5bc5f09}</UniqueIdentifier>
    </Filter>
    <Filter Include="CUDA\MATH">
      <UniqueIdentifier>{6c65d150-adca-4e8e-8eca-a9309e5f5023}</UniqueIdentifier>
    </Filter>
    <Filter Include="CUDA\DEVICE">
      <UniqueIdentifier>{59781306-6924-40d8-a5cc-e7d4332b4e8f}</UniqueIdentifier>
    </Filter>
    <Filter Include="CUDA\MATH\RAYTRACING">
      <UniqueIdentifier>{dcf15982-4679-4dbd-8a61-a98c5e65185f}</UniqueIdentifier>
    </Filter>
    <Filter Include="CUDA\RESOURCES">
      <UniqueIdentifier>{2192cde6-5220-43ec-a96a-657cb684b10f}</UniqueIdentifier>
    </Filter>
    <Filter Include="CUDA\MATH\KDTREE">
      <UniqueIdentifier>{a17cca6f-978f-4ebb-a40d-1e9754dc99e1}</UniqueIdentifier>
    </Filter>
  </ItemGroup>
  <ItemGroup>
    <CudaCompile Include="kernel.cu">
      <Filter>MAIN</Filter>
    </CudaCompile>
    <CudaCompile Include="SoundTracingPlugin.cu">
      <Filter>CUDA\PHYSICS\SOUNDTRACING</Filter>
    </CudaCompile>
    <CudaCompile Include="cuda_math.cu">
      <Filter>CUDA\MATH</Filter>
    </CudaCompile>
    <CudaCompile Include="CudaGDevice.cu">
      <Filter>CUDA\DEVICE</Filter>
    </CudaCompile>
    <CudaCompile Include="RayTracing.cu">
      <Filter>CUDA\MATH\RAYTRACING</Filter>
    </CudaCompile>
  </ItemGroup>
  <ItemGroup>
    <Text Include="Memo.txt" />
  </ItemGroup>
</Project>